
Microsoft Visual Studio Solution File, Format Version 11.00
# Visual Studio 2010
Project("{FAE04EC0-301F-11D3-BF4B-00C04F79EFBC}") = "190805-JG-EEG", "Assembly-CSharp.csproj", "{3A3274CB-1C0C-B999-B7B1-E9BDBFFD3008}"
EndProject
Project("{FAE04EC0-301F-11D3-BF4B-00C04F79EFBC}") = "190805-JG-EEG", "Assembly-CSharp-Editor.csproj", "{0897F97A-B393-A131-2664-B0FBF97559F7}"
EndProject
Global
	GlobalSection(SolutionConfigurationPlatforms) = preSolution
		Debug|Any CPU = Debug|Any CPU
		Release|Any CPU = Release|Any CPU
	EndGlobalSection
	GlobalSection(ProjectConfigurationPlatforms) = postSolution
		{3A3274CB-1C0C-B999-B7B1-E9BDBFFD3008}.Debug|Any CPU.ActiveCfg = Debug|Any CPU
		{3A3274CB-1C0C-B999-B7B1-E9BDBFFD3008}.Debug|Any CPU.Build.0 = Debug|Any CPU
		{3A3274CB-1C0C-B999-B7B1-E9BDBFFD3008}.Release|Any CPU.ActiveCfg = Release|Any CPU
		{3A3274CB-1C0C-B999-B7B1-E9BDBFFD3008}.Release|Any CPU.Build.0 = Release|Any CPU
		{0897F97A-B393-A131-2664-B0FBF97559F7}.Debug|Any CPU.ActiveCfg = Debug|Any CPU
		{0897F97A-B393-A131-2664-B0FBF97559F7}.Debug|Any CPU.Build.0 = Debug|Any CPU
		{0897F97A-B393-A131-2664-B0FBF97559F7}.Release|Any CPU.ActiveCfg = Release|Any CPU
		{0897F97A-B393-A131-2664-B0FBF97559F7}.Release|Any CPU.Build.0 = Release|Any CPU
	EndGlobalSection
	GlobalSection(SolutionProperties) = preSolution
		HideSolutionNode = FALSE
	EndGlobalSection
	GlobalSection(MonoDevelopProperties) = preSolution
		StartupItem = Assembly-CSharp.csproj
	EndGlobalSection
EndGlobal
